
Microsoft Visual Studio Solution File, Format Version 12.00
# Visual Studio Version 17
VisualStudioVersion = 17.4.33213.308
MinimumVisualStudioVersion = 10.0.40219.1
Project("{FAE04EC0-301F-11D3-BF4B-00C04F79EFBC}") = "LineComparisonProject", "LineComparisonProject\LineComparisonProject.csproj", "{932DD51D-9BAC-4538-8948-87446DC7E992}"
EndProject
Global
	GlobalSection(SolutionConfigurationPlatforms) = preSolution
		Debug|Any CPU = Debug|Any CPU
		Release|Any CPU = Release|Any CPU
	EndGlobalSection
	GlobalSection(ProjectConfigurationPlatforms) = postSolution
		{932DD51D-9BAC-4538-8948-87446DC7E992}.Debug|Any CPU.ActiveCfg = Debug|Any CPU
		{932DD51D-9BAC-4538-8948-87446DC7E992}.Debug|Any CPU.Build.0 = Debug|Any CPU
		{932DD51D-9BAC-4538-8948-87446DC7E992}.Release|Any CPU.ActiveCfg = Release|Any CPU
		{932DD51D-9BAC-4538-8948-87446DC7E992}.Release|Any CPU.Build.0 = Release|Any CPU
	EndGlobalSection
	GlobalSection(SolutionProperties) = preSolution
		HideSolutionNode = FALSE
	EndGlobalSection
	GlobalSection(ExtensibilityGlobals) = postSolution
		SolutionGuid = {5992B358-CC69-4CA8-8BED-B2D57314FBDD}
	EndGlobalSection
EndGlobal
